// !$*UTF8*$!
{
	archiveVersion = 1;
	classes = {
	};
	objectVersion = 77;
	objects = {

/* Begin PBXBuildFile section */
		02D3BE382E20144AC942EA5C /* KitGallery.swift in Sources */ = {isa = PBXBuildFile; fileRef = 569EE5759D3941C0B37197DF /* KitGallery.swift */; };
		03017F7D11F42BD0E9A98C24 /* FieldSampleCatalog.swift in Sources */ = {isa = PBXBuildFile; fileRef = C09047156BF52F2541DD0E90 /* FieldSampleCatalog.swift */; };
		035009C20966E37EC153D1DB /* ConnectivityDemo.swift in Sources */ = {isa = PBXBuildFile; fileRef = FDCF0AFD7C0EA81085CE1E7A /* ConnectivityDemo.swift */; };
		03B076F1800BBF24A167460A /* NavigationDemo.swift in Sources */ = {isa = PBXBuildFile; fileRef = A25A0BE4A1B14887E967ED85 /* NavigationDemo.swift */; };
		0A7E8840E0B3CAE76A57D60B /* KitoIslandBar in Frameworks */ = {isa = PBXBuildFile; productRef = 7FD5D13482A5A7BE4ED8D37D /* KitoIslandBar */; };
		0ADB858B67F2428046D483DA /* OrderTrackingWidgetBundle.swift in Sources */ = {isa = PBXBuildFile; fileRef = A3649BAB40063B9130CB6E9E /* OrderTrackingWidgetBundle.swift */; };
		0CAE03623D411715643199A1 /* KitoImageLoader in Frameworks */ = {isa = PBXBuildFile; productRef = 7E8359FA38E5919F48CBA427 /* KitoImageLoader */; };
		0CD69B9618D08AF67D6DA673 /* LineChartShowcases.swift in Sources */ = {isa = PBXBuildFile; fileRef = F0A9FED3BDA53BFCFE6BEECA /* LineChartShowcases.swift */; };
		0FB76E55672C058A45C67A5C /* ValidationRuleSamples.swift in Sources */ = {isa = PBXBuildFile; fileRef = 08B068BBF8F065DB3E871FA3 /* ValidationRuleSamples.swift */; };
		1817931C96BD86A5D23E1206 /* HapticsDemo.swift in Sources */ = {isa = PBXBuildFile; fileRef = D53F8C5FBD90B51375F8A277 /* HapticsDemo.swift */; };
		1867B92150AC04D23C9CAE4E /* ButtonsGallery.swift in Sources */ = {isa = PBXBuildFile; fileRef = 33034D2A0B2E1E4765790D59 /* ButtonsGallery.swift */; };
		192BF41F161536F73F228B3F /* KitoModals in Frameworks */ = {isa = PBXBuildFile; productRef = 35A3AF68ECD5438D5A7D1EE4 /* KitoModals */; };
		193DE2DFE56AF3CDBECF77AF /* EmptyStatesDemo.swift in Sources */ = {isa = PBXBuildFile; fileRef = 9B716EDF6C7A0BA454F2BDA9 /* EmptyStatesDemo.swift */; };
		1A3CC5A6AA8A766B8774AC67 /* IslandActivities.swift in Sources */ = {isa = PBXBuildFile; fileRef = 7A8267E4364CC2801FF1BF51 /* IslandActivities.swift */; };
		1AC0D7C11054118A13C8D247 /* KitoCore in Frameworks */ = {isa = PBXBuildFile; productRef = 02EBA554E48E02F7BEBCF876 /* KitoCore */; };
		1D7DF38808C0887E419AE37A /* KitoHaptics in Frameworks */ = {isa = PBXBuildFile; productRef = AA7149395B31B575CA058594 /* KitoHaptics */; };
		1F027744F500BCAE18FB99B6 /* KeychainDemo.swift in Sources */ = {isa = PBXBuildFile; fileRef = 36FD5070DD2F88DE75FE6F42 /* KeychainDemo.swift */; };
		2FF30DB57066EC72F97893A2 /* KitoToasts in Frameworks */ = {isa = PBXBuildFile; productRef = F3254603992DFDCA975C81AF /* KitoToasts */; };
		37152A039F71FAE8960FE161 /* KitoKeychain in Frameworks */ = {isa = PBXBuildFile; productRef = 02018EC2D776BB23C87043BE /* KitoKeychain */; };
		3D03E65256C0B068327F6D53 /* KitoCharts in Frameworks */ = {isa = PBXBuildFile; productRef = B32C8C6FCFEEDDC6D90761D0 /* KitoCharts */; };
		419AB91C4AEF552D6800A53E /* PermissionsDemo.swift in Sources */ = {isa = PBXBuildFile; fileRef = 67D5EB1CB42E5BC1743A396D /* PermissionsDemo.swift */; };
		420019260A67E5D9F2F125D7 /* LineChartSamples.swift in Sources */ = {isa = PBXBuildFile; fileRef = B7EE8D8B3ADE97C359089522 /* LineChartSamples.swift */; };
		428AC85388E77EFE568F9DD3 /* ModalsDemo.swift in Sources */ = {isa = PBXBuildFile; fileRef = 2404FA26020EBE13DB7027A9 /* ModalsDemo.swift */; };
		44AD4D650C2E676E9243078E /* KitoEmptyStates in Frameworks */ = {isa = PBXBuildFile; productRef = 8D1FD6E263072E981EB0C124 /* KitoEmptyStates */; };
		4AF1A41D4839D7A64812B70E /* WalletScreens.swift in Sources */ = {isa = PBXBuildFile; fileRef = BAD7192D6EA4D2A71AC78F5E /* WalletScreens.swift */; };
		525311763267DC50BBE2126C /* ValidationFieldSamples.swift in Sources */ = {isa = PBXBuildFile; fileRef = BBC15B61865B754A7FB726FB /* ValidationFieldSamples.swift */; };
		52D1C28FC56DF91273D32873 /* KitoValidation in Frameworks */ = {isa = PBXBuildFile; productRef = 1B7FFF789DC791F610B2703C /* KitoValidation */; };
		558845145EBD98DE9146DB39 /* KitoCore in Frameworks */ = {isa = PBXBuildFile; productRef = 1DF2D1062E48C2B142D85599 /* KitoCore */; };
		5922BAD594985C3E1C0FDB76 /* FormattingDemo.swift in Sources */ = {isa = PBXBuildFile; fileRef = 088C6FDC38EA4C14E1E26860 /* FormattingDemo.swift */; };
		6C0F9528FDFE5EBA9A86387F /* KitoCart in Frameworks */ = {isa = PBXBuildFile; productRef = 378714DA44266EDE9BAA76A8 /* KitoCart */; };
		72FEEB1715EE7CE7854D5279 /* BarPieChartSamples.swift in Sources */ = {isa = PBXBuildFile; fileRef = B89D45DFDD3718DCE88CD05C /* BarPieChartSamples.swift */; };
		74DB720436D05A5D5065EE7A /* GalleryComponents.swift in Sources */ = {isa = PBXBuildFile; fileRef = 592B4D7E4FB10A39328AC31A /* GalleryComponents.swift */; };
		77692DD8FE5CB397F6F287F9 /* KitoLoaders in Frameworks */ = {isa = PBXBuildFile; productRef = CA244E2CBB7678240B35EB05 /* KitoLoaders */; };
		781EC531061368F6148D56F2 /* KitoButtons in Frameworks */ = {isa = PBXBuildFile; productRef = 4FADAC890F9BB84F283800F5 /* KitoButtons */; };
		7BB49494F53AB3A489DB3512 /* Chart3DSample.swift in Sources */ = {isa = PBXBuildFile; fileRef = D0025A37075383374A0BC70B /* Chart3DSample.swift */; };
		82CC45AAE09669BB63402327 /* KitoScreens in Frameworks */ = {isa = PBXBuildFile; productRef = AC578F13C4D6031B95394166 /* KitoScreens */; };
		852026E20741D51C40EA0B9D /* KitoSampleApp.swift in Sources */ = {isa = PBXBuildFile; fileRef = 96F7408B4AEB357DBECEF8F8 /* KitoSampleApp.swift */; };
		85F5876E0D842990B67891B5 /* ControlCenterDemo.swift in Sources */ = {isa = PBXBuildFile; fileRef = 921BCA09903AD94480DF4312 /* ControlCenterDemo.swift */; };
		864BFA79631B204E60A18881 /* SettingsDemo.swift in Sources */ = {isa = PBXBuildFile; fileRef = AF5770CBE3635475023C1A28 /* SettingsDemo.swift */; };
		897672D50B808C465032F312 /* SampleCatalog.swift in Sources */ = {isa = PBXBuildFile; fileRef = 9B3F6AB4834FC716F1059E7B /* SampleCatalog.swift */; };
		8B789BD84A157600871C4FED /* KitoFormatting in Frameworks */ = {isa = PBXBuildFile; productRef = 6C747074769820899D6152A5 /* KitoFormatting */; };
		8BD31DFF1FE9A769FF07D9C6 /* KitoMediaPicker in Frameworks */ = {isa = PBXBuildFile; productRef = 91301461F3BEB9E2755E4A3C /* KitoMediaPicker */; };
		8E26063F36A7CBAB2A4165ED /* KitoOnboarding in Frameworks */ = {isa = PBXBuildFile; productRef = C226E69F5FAADDC2D7C95CAF /* KitoOnboarding */; };
		95599468A98CAE537B5CA05F /* ContentView.swift in Sources */ = {isa = PBXBuildFile; fileRef = 24A96010E3E751D70603BB92 /* ContentView.swift */; };
		9D8698832ADEEB396B594169 /* BiometricsDemo.swift in Sources */ = {isa = PBXBuildFile; fileRef = 70F1219DD1751051A3E0F178 /* BiometricsDemo.swift */; };
		9F9D840DE1E049117E7A4B96 /* MediaSamples.swift in Sources */ = {isa = PBXBuildFile; fileRef = D980B6B778F8DF22A864D42D /* MediaSamples.swift */; };
		A0F9FFA018D83CD072D17B7E /* KitoNavigation in Frameworks */ = {isa = PBXBuildFile; productRef = F9B384A8AD275C63F9CB2235 /* KitoNavigation */; };
		A33471384EA02C747CD1CBB5 /* KitoFields in Frameworks */ = {isa = PBXBuildFile; productRef = DF6BC35D7F7099FAE2EFD636 /* KitoFields */; };
		A546EE342B2532834153D1BA /* Chart3DGallery.swift in Sources */ = {isa = PBXBuildFile; fileRef = 87AD19CC2D8BE8F1934DAEB1 /* Chart3DGallery.swift */; };
		A6BDF8FEBBBFB6A277197010 /* OrderTrackingDemo.swift in Sources */ = {isa = PBXBuildFile; fileRef = 0037CBA45E4432235BF00EF6 /* OrderTrackingDemo.swift */; };
		A6D0E6DFB47803ECF89D6116 /* CartDemo.swift in Sources */ = {isa = PBXBuildFile; fileRef = E14E3753958497564C54EED0 /* CartDemo.swift */; };
		A8F76D56122F2C6F6A12B5F0 /* KitoOrderTracking in Frameworks */ = {isa = PBXBuildFile; productRef = 5EDE1B3D9B05A9D1A40A5FF0 /* KitoOrderTracking */; };
		AF6A3F69F6B1530175B06845 /* Chart3DSampleCatalog.swift in Sources */ = {isa = PBXBuildFile; fileRef = E8EE2140978669A30B6999E5 /* Chart3DSampleCatalog.swift */; };
		B1EC2600EE77CD3F7BDC747C /* OnboardingSampleHost.swift in Sources */ = {isa = PBXBuildFile; fileRef = 2C532E29961B1F6060935305 /* OnboardingSampleHost.swift */; };
		BE90CAB96B2287F94FD1C220 /* KitoBiometrics in Frameworks */ = {isa = PBXBuildFile; productRef = 61A702673D0A7FA281333173 /* KitoBiometrics */; };
		BF8C5D6A4E8EC30CDF9F912D /* Chart3DInteractiveSamples.swift in Sources */ = {isa = PBXBuildFile; fileRef = 9B7998F866647FD7ACC8CF37 /* Chart3DInteractiveSamples.swift */; };
		C1993BA0BA67925BF26857FA /* KitoOrderTracking in Frameworks */ = {isa = PBXBuildFile; productRef = 3473984A86FABBE5AF6C266F /* KitoOrderTracking */; };
		C635F7C01C88BA890A7E4625 /* ToastsDemo.swift in Sources */ = {isa = PBXBuildFile; fileRef = 7DA0EA422E395A2050E9B369 /* ToastsDemo.swift */; };
		C8AF7ADEF2426199C111FB8E /* KitoAppSettingsViewModel.swift in Sources */ = {isa = PBXBuildFile; fileRef = 9B0C7DD6E6234E0878479817 /* KitoAppSettingsViewModel.swift */; };
		C8EF037C7B0091CE3940975A /* SampleCatalog+Generated.swift in Sources */ = {isa = PBXBuildFile; fileRef = 2837BA288474F8019F2893AA /* SampleCatalog+Generated.swift */; };
		CB5BE4D1D609EC60415BE085 /* OrderTrackingWidgetExtension.appex in Embed Foundation Extensions */ = {isa = PBXBuildFile; fileRef = CAEED95284A7F775C6010552 /* OrderTrackingWidgetExtension.appex */; settings = {ATTRIBUTES = (RemoveHeadersOnCopy, ); }; };
		D8261C7CEA94C24E71BF059C /* IslandStage.swift in Sources */ = {isa = PBXBuildFile; fileRef = B58341CE205EDAD33DF94848 /* IslandStage.swift */; };
		DA2BAA1C1391E2C65B5569B6 /* IslandSamples.swift in Sources */ = {isa = PBXBuildFile; fileRef = 1BFD684B6BD38C5F0270925B /* IslandSamples.swift */; };
		DF5B3B3C8B5C03A7E049969B /* WalletSamples.swift in Sources */ = {isa = PBXBuildFile; fileRef = DBD8DB5336D873D6C1C6832B /* WalletSamples.swift */; };
		EA3940AB2D62114C884F977C /* KitoConnectivity in Frameworks */ = {isa = PBXBuildFile; productRef = 0E7D7C9AB476ED9ECCEBF341 /* KitoConnectivity */; };
		EB29B4985597F972527C8B55 /* ImageLoaderDemo.swift in Sources */ = {isa = PBXBuildFile; fileRef = 368362865F20ADF3669F09E0 /* ImageLoaderDemo.swift */; };
		EC56A575767FC6548E2F9650 /* FieldFormDemos.swift in Sources */ = {isa = PBXBuildFile; fileRef = 35925B2E0FF6311947BAB1C2 /* FieldFormDemos.swift */; };
		ED5014CC218F293E8B519AC8 /* Sample.swift in Sources */ = {isa = PBXBuildFile; fileRef = D20EA9D97C4FFC34E33FA4AA /* Sample.swift */; };
		F36BE621753A3AE3235CFF13 /* LoadersDemo.swift in Sources */ = {isa = PBXBuildFile; fileRef = C6C8EE878AB2A0B53E1B574B /* LoadersDemo.swift */; };
		F371E674D35DE87891034036 /* KitoPermissions in Frameworks */ = {isa = PBXBuildFile; productRef = A3AA60AA0ACCC591DFD6888E /* KitoPermissions */; };
		F4880EBCF31FE91C2ECDDB59 /* OnboardingIllustrations.swift in Sources */ = {isa = PBXBuildFile; fileRef = 4136029860D675CADEF00CC7 /* OnboardingIllustrations.swift */; };
		F5E222D62773E57A45C19F85 /* FieldsGallery.swift in Sources */ = {isa = PBXBuildFile; fileRef = D0940FB3F3997D1391855E33 /* FieldsGallery.swift */; };
		F7F1AAFBD8B2AA87DD38FEAF /* OnboardingSamples.swift in Sources */ = {isa = PBXBuildFile; fileRef = 7E9309F6204597E003F44517 /* OnboardingSamples.swift */; };
		F8279F02C02071D873A359D8 /* ChartsData.swift in Sources */ = {isa = PBXBuildFile; fileRef = 0B1BB3BF85532F27D935D6F2 /* ChartsData.swift */; };
		F958B3D3BEC4FBE15E357D2A /* KitoWalletCards in Frameworks */ = {isa = PBXBuildFile; productRef = 0DE6AFA184BF5599C3106B35 /* KitoWalletCards */; };
		FBC7E079CDB8AC24FDBEE39C /* GlobalSearch.swift in Sources */ = {isa = PBXBuildFile; fileRef = 5388DF5376BAB0425237F49F /* GlobalSearch.swift */; };
		FF0B8A8C96243D3572FA2B3C /* FieldSample.swift in Sources */ = {isa = PBXBuildFile; fileRef = 68E40B66B99800FE9214E002 /* FieldSample.swift */; };
/* End PBXBuildFile section */

/* Begin PBXContainerItemProxy section */
		AC257229C79418F843A23163 /* PBXContainerItemProxy */ = {
			isa = PBXContainerItemProxy;
			containerPortal = 5316860362C26278B10BA49A /* Project object */;
			proxyType = 1;
			remoteGlobalIDString = 93A899B8AD693FAE62BA5F40;
			remoteInfo = OrderTrackingWidgetExtension;
		};
/* End PBXContainerItemProxy section */

/* Begin PBXCopyFilesBuildPhase section */
		01A1235A41003A3574280651 /* Embed Foundation Extensions */ = {
			isa = PBXCopyFilesBuildPhase;
			buildActionMask = 2147483647;
			dstPath = "";
			dstSubfolderSpec = 13;
			files = (
				CB5BE4D1D609EC60415BE085 /* OrderTrackingWidgetExtension.appex in Embed Foundation Extensions */,
			);
			name = "Embed Foundation Extensions";
			runOnlyForDeploymentPostprocessing = 0;
		};
/* End PBXCopyFilesBuildPhase section */

/* Begin PBXFileReference section */
		0037CBA45E4432235BF00EF6 /* OrderTrackingDemo.swift */ = {isa = PBXFileReference; lastKnownFileType = sourcecode.swift; path = OrderTrackingDemo.swift; sourceTree = "<group>"; };
		088C6FDC38EA4C14E1E26860 /* FormattingDemo.swift */ = {isa = PBXFileReference; lastKnownFileType = sourcecode.swift; path = FormattingDemo.swift; sourceTree = "<group>"; };
		08B068BBF8F065DB3E871FA3 /* ValidationRuleSamples.swift */ = {isa = PBXFileReference; lastKnownFileType = sourcecode.swift; path = ValidationRuleSamples.swift; sourceTree = "<group>"; };
		0ADC1EDD89FCF6D61EAEB810 /* KitoPermissions */ = {isa = PBXFileReference; lastKnownFileType = folder; name = KitoPermissions; path = ../../KitoPermissions; sourceTree = SOURCE_ROOT; };
		0B1BB3BF85532F27D935D6F2 /* ChartsData.swift */ = {isa = PBXFileReference; lastKnownFileType = sourcecode.swift; path = ChartsData.swift; sourceTree = "<group>"; };
		159F2AB4DA3077DA7EF2010F /* KitoConnectivity */ = {isa = PBXFileReference; lastKnownFileType = folder; name = KitoConnectivity; path = ../../KitoConnectivity; sourceTree = SOURCE_ROOT; };
		1BFD684B6BD38C5F0270925B /* IslandSamples.swift */ = {isa = PBXFileReference; lastKnownFileType = sourcecode.swift; path = IslandSamples.swift; sourceTree = "<group>"; };
		2404FA26020EBE13DB7027A9 /* ModalsDemo.swift */ = {isa = PBXFileReference; lastKnownFileType = sourcecode.swift; path = ModalsDemo.swift; sourceTree = "<group>"; };
		24A96010E3E751D70603BB92 /* ContentView.swift */ = {isa = PBXFileReference; lastKnownFileType = sourcecode.swift; path = ContentView.swift; sourceTree = "<group>"; };
		2837BA288474F8019F2893AA /* SampleCatalog+Generated.swift */ = {isa = PBXFileReference; lastKnownFileType = sourcecode.swift; path = "SampleCatalog+Generated.swift"; sourceTree = "<group>"; };
		2C532E29961B1F6060935305 /* OnboardingSampleHost.swift */ = {isa = PBXFileReference; lastKnownFileType = sourcecode.swift; path = OnboardingSampleHost.swift; sourceTree = "<group>"; };
		33034D2A0B2E1E4765790D59 /* ButtonsGallery.swift */ = {isa = PBXFileReference; lastKnownFileType = sourcecode.swift; path = ButtonsGallery.swift; sourceTree = "<group>"; };
		35925B2E0FF6311947BAB1C2 /* FieldFormDemos.swift */ = {isa = PBXFileReference; lastKnownFileType = sourcecode.swift; path = FieldFormDemos.swift; sourceTree = "<group>"; };
		368362865F20ADF3669F09E0 /* ImageLoaderDemo.swift */ = {isa = PBXFileReference; lastKnownFileType = sourcecode.swift; path = ImageLoaderDemo.swift; sourceTree = "<group>"; };
		36FD5070DD2F88DE75FE6F42 /* KeychainDemo.swift */ = {isa = PBXFileReference; lastKnownFileType = sourcecode.swift; path = KeychainDemo.swift; sourceTree = "<group>"; };
		4136029860D675CADEF00CC7 /* OnboardingIllustrations.swift */ = {isa = PBXFileReference; lastKnownFileType = sourcecode.swift; path = OnboardingIllustrations.swift; sourceTree = "<group>"; };
		4D3A9B0E5FC952E25CAF09A2 /* KitoKeychain */ = {isa = PBXFileReference; lastKnownFileType = folder; name = KitoKeychain; path = ../../KitoKeychain; sourceTree = SOURCE_ROOT; };
		4F8BC81F52EA9CE5F0B26104 /* KitoLoaders */ = {isa = PBXFileReference; lastKnownFileType = folder; name = KitoLoaders; path = ../../KitoLoaders; sourceTree = SOURCE_ROOT; };
		5388DF5376BAB0425237F49F /* GlobalSearch.swift */ = {isa = PBXFileReference; lastKnownFileType = sourcecode.swift; path = GlobalSearch.swift; sourceTree = "<group>"; };
		569EE5759D3941C0B37197DF /* KitGallery.swift */ = {isa = PBXFileReference; lastKnownFileType = sourcecode.swift; path = KitGallery.swift; sourceTree = "<group>"; };
		590DB161794038C887195CB0 /* KitoFormatting */ = {isa = PBXFileReference; lastKnownFileType = folder; name = KitoFormatting; path = ../../KitoFormatting; sourceTree = SOURCE_ROOT; };
		592B4D7E4FB10A39328AC31A /* GalleryComponents.swift */ = {isa = PBXFileReference; lastKnownFileType = sourcecode.swift; path = GalleryComponents.swift; sourceTree = "<group>"; };
		67D5EB1CB42E5BC1743A396D /* PermissionsDemo.swift */ = {isa = PBXFileReference; lastKnownFileType = sourcecode.swift; path = PermissionsDemo.swift; sourceTree = "<group>"; };
		68E40B66B99800FE9214E002 /* FieldSample.swift */ = {isa = PBXFileReference; lastKnownFileType = sourcecode.swift; path = FieldSample.swift; sourceTree = "<group>"; };
		691BB699AF85B349DDBE7238 /* KitoNavigation */ = {isa = PBXFileReference; lastKnownFileType = folder; name = KitoNavigation; path = ../../KitoNavigation; sourceTree = SOURCE_ROOT; };
		6FB4E9B1A3AEA9E845B67C02 /* KitoOnboarding */ = {isa = PBXFileReference; lastKnownFileType = folder; name = KitoOnboarding; path = ../../KitoOnboarding; sourceTree = SOURCE_ROOT; };
		70F1219DD1751051A3E0F178 /* BiometricsDemo.swift */ = {isa = PBXFileReference; lastKnownFileType = sourcecode.swift; path = BiometricsDemo.swift; sourceTree = "<group>"; };
		736CF316E13C41E5246FA96F /* KitoToasts */ = {isa = PBXFileReference; lastKnownFileType = folder; name = KitoToasts; path = ../../KitoToasts; sourceTree = SOURCE_ROOT; };
		74831BC61F938344E282B5B4 /* KitoEmptyStates */ = {isa = PBXFileReference; lastKnownFileType = folder; name = KitoEmptyStates; path = ../../KitoEmptyStates; sourceTree = SOURCE_ROOT; };
		75EE79A96C66B98E4956A501 /* KitoOrderTracking */ = {isa = PBXFileReference; lastKnownFileType = folder; name = KitoOrderTracking; path = ../../KitoOrderTracking; sourceTree = SOURCE_ROOT; };
		7982B0BD0690C05C2DBC7666 /* KitoWalletCards */ = {isa = PBXFileReference; lastKnownFileType = folder; name = KitoWalletCards; path = ../../KitoWalletCards; sourceTree = SOURCE_ROOT; };
		7A8267E4364CC2801FF1BF51 /* IslandActivities.swift */ = {isa = PBXFileReference; lastKnownFileType = sourcecode.swift; path = IslandActivities.swift; sourceTree = "<group>"; };
		7DA0EA422E395A2050E9B369 /* ToastsDemo.swift */ = {isa = PBXFileReference; lastKnownFileType = sourcecode.swift; path = ToastsDemo.swift; sourceTree = "<group>"; };
		7E9309F6204597E003F44517 /* OnboardingSamples.swift */ = {isa = PBXFileReference; lastKnownFileType = sourcecode.swift; path = OnboardingSamples.swift; sourceTree = "<group>"; };
		8165B2C284A818D240F97FC9 /* KitoCart */ = {isa = PBXFileReference; lastKnownFileType = folder; name = KitoCart; path = ../../KitoCart; sourceTree = SOURCE_ROOT; };
		817E98EC4CF8D1308E25617B /* KitoHaptics */ = {isa = PBXFileReference; lastKnownFileType = folder; name = KitoHaptics; path = ../../KitoHaptics; sourceTree = SOURCE_ROOT; };
		87AD19CC2D8BE8F1934DAEB1 /* Chart3DGallery.swift */ = {isa = PBXFileReference; lastKnownFileType = sourcecode.swift; path = Chart3DGallery.swift; sourceTree = "<group>"; };
		921BCA09903AD94480DF4312 /* ControlCenterDemo.swift */ = {isa = PBXFileReference; lastKnownFileType = sourcecode.swift; path = ControlCenterDemo.swift; sourceTree = "<group>"; };
		96F7408B4AEB357DBECEF8F8 /* KitoSampleApp.swift */ = {isa = PBXFileReference; lastKnownFileType = sourcecode.swift; path = KitoSampleApp.swift; sourceTree = "<group>"; };
		9929D9B074DCB44DBA2649C7 /* KitoSample.app */ = {isa = PBXFileReference; includeInIndex = 0; lastKnownFileType = wrapper.application; path = KitoSample.app; sourceTree = BUILT_PRODUCTS_DIR; };
		9B0C7DD6E6234E0878479817 /* KitoAppSettingsViewModel.swift */ = {isa = PBXFileReference; lastKnownFileType = sourcecode.swift; path = KitoAppSettingsViewModel.swift; sourceTree = "<group>"; };
		9B3F6AB4834FC716F1059E7B /* SampleCatalog.swift */ = {isa = PBXFileReference; lastKnownFileType = sourcecode.swift; path = SampleCatalog.swift; sourceTree = "<group>"; };
		9B716EDF6C7A0BA454F2BDA9 /* EmptyStatesDemo.swift */ = {isa = PBXFileReference; lastKnownFileType = sourcecode.swift; path = EmptyStatesDemo.swift; sourceTree = "<group>"; };
		9B7998F866647FD7ACC8CF37 /* Chart3DInteractiveSamples.swift */ = {isa = PBXFileReference; lastKnownFileType = sourcecode.swift; path = Chart3DInteractiveSamples.swift; sourceTree = "<group>"; };
		A25A0BE4A1B14887E967ED85 /* NavigationDemo.swift */ = {isa = PBXFileReference; lastKnownFileType = sourcecode.swift; path = NavigationDemo.swift; sourceTree = "<group>"; };
		A3649BAB40063B9130CB6E9E /* OrderTrackingWidgetBundle.swift */ = {isa = PBXFileReference; lastKnownFileType = sourcecode.swift; path = OrderTrackingWidgetBundle.swift; sourceTree = "<group>"; };
		A53FB297159A3C5BDF6F5B92 /* KitoModals */ = {isa = PBXFileReference; lastKnownFileType = folder; name = KitoModals; path = ../../KitoModals; sourceTree = SOURCE_ROOT; };
		AA40E3ADAA6EF3284FFD3401 /* KitoValidation */ = {isa = PBXFileReference; lastKnownFileType = folder; name = KitoValidation; path = ../../KitoValidation; sourceTree = SOURCE_ROOT; };
		AF5770CBE3635475023C1A28 /* SettingsDemo.swift */ = {isa = PBXFileReference; lastKnownFileType = sourcecode.swift; path = SettingsDemo.swift; sourceTree = "<group>"; };
		B58341CE205EDAD33DF94848 /* IslandStage.swift */ = {isa = PBXFileReference; lastKnownFileType = sourcecode.swift; path = IslandStage.swift; sourceTree = "<group>"; };
		B7EE8D8B3ADE97C359089522 /* LineChartSamples.swift */ = {isa = PBXFileReference; lastKnownFileType = sourcecode.swift; path = LineChartSamples.swift; sourceTree = "<group>"; };
		B89D45DFDD3718DCE88CD05C /* BarPieChartSamples.swift */ = {isa = PBXFileReference; lastKnownFileType = sourcecode.swift; path = BarPieChartSamples.swift; sourceTree = "<group>"; };
		BAD7192D6EA4D2A71AC78F5E /* WalletScreens.swift */ = {isa = PBXFileReference; lastKnownFileType = sourcecode.swift; path = WalletScreens.swift; sourceTree = "<group>"; };
		BBC15B61865B754A7FB726FB /* ValidationFieldSamples.swift */ = {isa = PBXFileReference; lastKnownFileType = sourcecode.swift; path = ValidationFieldSamples.swift; sourceTree = "<group>"; };
		C09047156BF52F2541DD0E90 /* FieldSampleCatalog.swift */ = {isa = PBXFileReference; lastKnownFileType = sourcecode.swift; path = FieldSampleCatalog.swift; sourceTree = "<group>"; };
		C39AC08B6A6776FF3EA2B6E0 /* KitoCore */ = {isa = PBXFileReference; lastKnownFileType = folder; name = KitoCore; path = ../../KitoCore; sourceTree = SOURCE_ROOT; };
		C6C8EE878AB2A0B53E1B574B /* LoadersDemo.swift */ = {isa = PBXFileReference; lastKnownFileType = sourcecode.swift; path = LoadersDemo.swift; sourceTree = "<group>"; };
		CAEED95284A7F775C6010552 /* OrderTrackingWidgetExtension.appex */ = {isa = PBXFileReference; includeInIndex = 0; lastKnownFileType = "wrapper.app-extension"; path = OrderTrackingWidgetExtension.appex; sourceTree = BUILT_PRODUCTS_DIR; };
		D0025A37075383374A0BC70B /* Chart3DSample.swift */ = {isa = PBXFileReference; lastKnownFileType = sourcecode.swift; path = Chart3DSample.swift; sourceTree = "<group>"; };
		D075836D0B5E896A055E4260 /* KitoBiometrics */ = {isa = PBXFileReference; lastKnownFileType = folder; name = KitoBiometrics; path = ../../KitoBiometrics; sourceTree = SOURCE_ROOT; };
		D0940FB3F3997D1391855E33 /* FieldsGallery.swift */ = {isa = PBXFileReference; lastKnownFileType = sourcecode.swift; path = FieldsGallery.swift; sourceTree = "<group>"; };
		D1B5BB88FC6024D5FFFD86E5 /* KitoMediaPicker */ = {isa = PBXFileReference; lastKnownFileType = folder; name = KitoMediaPicker; path = ../../KitoMediaPicker; sourceTree = SOURCE_ROOT; };
		D20EA9D97C4FFC34E33FA4AA /* Sample.swift */ = {isa = PBXFileReference; lastKnownFileType = sourcecode.swift; path = Sample.swift; sourceTree = "<group>"; };
		D53F8C5FBD90B51375F8A277 /* HapticsDemo.swift */ = {isa = PBXFileReference; lastKnownFileType = sourcecode.swift; path = HapticsDemo.swift; sourceTree = "<group>"; };
		D7D4FBBDF60CEA099474845F /* KitoCharts */ = {isa = PBXFileReference; lastKnownFileType = folder; name = KitoCharts; path = ../../KitoCharts; sourceTree = SOURCE_ROOT; };
		D853F507CC8B34320CE7950E /* KitoIslandBar */ = {isa = PBXFileReference; lastKnownFileType = folder; name = KitoIslandBar; path = ../../KitoIslandBar; sourceTree = SOURCE_ROOT; };
		D980B6B778F8DF22A864D42D /* MediaSamples.swift */ = {isa = PBXFileReference; lastKnownFileType = sourcecode.swift; path = MediaSamples.swift; sourceTree = "<group>"; };
		DBD8DB5336D873D6C1C6832B /* WalletSamples.swift */ = {isa = PBXFileReference; lastKnownFileType = sourcecode.swift; path = WalletSamples.swift; sourceTree = "<group>"; };
		DCB7CC51FEEDBDB41592F88E /* KitoImageLoader */ = {isa = PBXFileReference; lastKnownFileType = folder; name = KitoImageLoader; path = ../../KitoImageLoader; sourceTree = SOURCE_ROOT; };
		E14E3753958497564C54EED0 /* CartDemo.swift */ = {isa = PBXFileReference; lastKnownFileType = sourcecode.swift; path = CartDemo.swift; sourceTree = "<group>"; };
		E8EE2140978669A30B6999E5 /* Chart3DSampleCatalog.swift */ = {isa = PBXFileReference; lastKnownFileType = sourcecode.swift; path = Chart3DSampleCatalog.swift; sourceTree = "<group>"; };
		F0A9FED3BDA53BFCFE6BEECA /* LineChartShowcases.swift */ = {isa = PBXFileReference; lastKnownFileType = sourcecode.swift; path = LineChartShowcases.swift; sourceTree = "<group>"; };
		FDCF0AFD7C0EA81085CE1E7A /* ConnectivityDemo.swift */ = {isa = PBXFileReference; lastKnownFileType = sourcecode.swift; path = ConnectivityDemo.swift; sourceTree = "<group>"; };
/* End PBXFileReference section */

/* Begin PBXFrameworksBuildPhase section */
		2210265498E7F66BA57F846A /* Frameworks */ = {
			isa = PBXFrameworksBuildPhase;
			buildActionMask = 2147483647;
			files = (
				558845145EBD98DE9146DB39 /* KitoCore in Frameworks */,
				781EC531061368F6148D56F2 /* KitoButtons in Frameworks */,
				A33471384EA02C747CD1CBB5 /* KitoFields in Frameworks */,
				82CC45AAE09669BB63402327 /* KitoScreens in Frameworks */,
				3D03E65256C0B068327F6D53 /* KitoCharts in Frameworks */,
				77692DD8FE5CB397F6F287F9 /* KitoLoaders in Frameworks */,
				2FF30DB57066EC72F97893A2 /* KitoToasts in Frameworks */,
				192BF41F161536F73F228B3F /* KitoModals in Frameworks */,
				44AD4D650C2E676E9243078E /* KitoEmptyStates in Frameworks */,
				1D7DF38808C0887E419AE37A /* KitoHaptics in Frameworks */,
				52D1C28FC56DF91273D32873 /* KitoValidation in Frameworks */,
				A0F9FFA018D83CD072D17B7E /* KitoNavigation in Frameworks */,
				F371E674D35DE87891034036 /* KitoPermissions in Frameworks */,
				BE90CAB96B2287F94FD1C220 /* KitoBiometrics in Frameworks */,
				8BD31DFF1FE9A769FF07D9C6 /* KitoMediaPicker in Frameworks */,
				F958B3D3BEC4FBE15E357D2A /* KitoWalletCards in Frameworks */,
				8E26063F36A7CBAB2A4165ED /* KitoOnboarding in Frameworks */,
				6C0F9528FDFE5EBA9A86387F /* KitoCart in Frameworks */,
				C1993BA0BA67925BF26857FA /* KitoOrderTracking in Frameworks */,
				8B789BD84A157600871C4FED /* KitoFormatting in Frameworks */,
				EA3940AB2D62114C884F977C /* KitoConnectivity in Frameworks */,
				37152A039F71FAE8960FE161 /* KitoKeychain in Frameworks */,
				0CAE03623D411715643199A1 /* KitoImageLoader in Frameworks */,
				0A7E8840E0B3CAE76A57D60B /* KitoIslandBar in Frameworks */,
			);
			runOnlyForDeploymentPostprocessing = 0;
		};
		E09361B135042E2D0DDEC34A /* Frameworks */ = {
			isa = PBXFrameworksBuildPhase;
			buildActionMask = 2147483647;
			files = (
				A8F76D56122F2C6F6A12B5F0 /* KitoOrderTracking in Frameworks */,
				1AC0D7C11054118A13C8D247 /* KitoCore in Frameworks */,
			);
			runOnlyForDeploymentPostprocessing = 0;
		};
/* End PBXFrameworksBuildPhase section */

/* Begin PBXGroup section */
		0A67506AE2B7AF154452B373 /* Media */ = {
			isa = PBXGroup;
			children = (
				D980B6B778F8DF22A864D42D /* MediaSamples.swift */,
			);
			path = Media;
			sourceTree = "<group>";
		};
		2FFD9ABFFA006B0DEFABAEE5 /* Products */ = {
			isa = PBXGroup;
			children = (
				9929D9B074DCB44DBA2649C7 /* KitoSample.app */,
				CAEED95284A7F775C6010552 /* OrderTrackingWidgetExtension.appex */,
			);
			name = Products;
			sourceTree = "<group>";
		};
		34C286FB9E1D34EDDFFDFCBE /* Island */ = {
			isa = PBXGroup;
			children = (
				7A8267E4364CC2801FF1BF51 /* IslandActivities.swift */,
				1BFD684B6BD38C5F0270925B /* IslandSamples.swift */,
				B58341CE205EDAD33DF94848 /* IslandStage.swift */,
			);
			path = Island;
			sourceTree = "<group>";
		};
		3799AADC676A2AE61DD60C93 /* Onboarding */ = {
			isa = PBXGroup;
			children = (
				4136029860D675CADEF00CC7 /* OnboardingIllustrations.swift */,
				2C532E29961B1F6060935305 /* OnboardingSampleHost.swift */,
				7E9309F6204597E003F44517 /* OnboardingSamples.swift */,
			);
			path = Onboarding;
			sourceTree = "<group>";
		};
		4CC9A2EF3F42998A93B8040B = {
			isa = PBXGroup;
			children = (
				C7B0084160F03BA557D1C7B7 /* Packages */,
				8944869BB0C17554C79118EE /* Sources */,
				C19929B1AB36DA7E00C4EE2B /* WidgetExtension */,
				2FFD9ABFFA006B0DEFABAEE5 /* Products */,
			);
			sourceTree = "<group>";
		};
		637D740DBD8CF20F7B509D83 /* Fields */ = {
			isa = PBXGroup;
			children = (
				35925B2E0FF6311947BAB1C2 /* FieldFormDemos.swift */,
				68E40B66B99800FE9214E002 /* FieldSample.swift */,
				C09047156BF52F2541DD0E90 /* FieldSampleCatalog.swift */,
				D0940FB3F3997D1391855E33 /* FieldsGallery.swift */,
			);
			path = Fields;
			sourceTree = "<group>";
		};
		6CBB1B55AC5846DCEB433679 /* Buttons */ = {
			isa = PBXGroup;
			children = (
				33034D2A0B2E1E4765790D59 /* ButtonsGallery.swift */,
				D20EA9D97C4FFC34E33FA4AA /* Sample.swift */,
				9B3F6AB4834FC716F1059E7B /* SampleCatalog.swift */,
				2837BA288474F8019F2893AA /* SampleCatalog+Generated.swift */,
			);
			path = Buttons;
			sourceTree = "<group>";
		};
		72782E68CAB1295AC1B5A778 /* Charts */ = {
			isa = PBXGroup;
			children = (
				B89D45DFDD3718DCE88CD05C /* BarPieChartSamples.swift */,
				0B1BB3BF85532F27D935D6F2 /* ChartsData.swift */,
				B7EE8D8B3ADE97C359089522 /* LineChartSamples.swift */,
				F0A9FED3BDA53BFCFE6BEECA /* LineChartShowcases.swift */,
			);
			path = Charts;
			sourceTree = "<group>";
		};
		83DB04DC7D23EADC7DDF6F27 /* Charts3D */ = {
			isa = PBXGroup;
			children = (
				87AD19CC2D8BE8F1934DAEB1 /* Chart3DGallery.swift */,
				9B7998F866647FD7ACC8CF37 /* Chart3DInteractiveSamples.swift */,
				D0025A37075383374A0BC70B /* Chart3DSample.swift */,
				E8EE2140978669A30B6999E5 /* Chart3DSampleCatalog.swift */,
			);
			path = Charts3D;
			sourceTree = "<group>";
		};
		8944869BB0C17554C79118EE /* Sources */ = {
			isa = PBXGroup;
			children = (
				24A96010E3E751D70603BB92 /* ContentView.swift */,
				9B0C7DD6E6234E0878479817 /* KitoAppSettingsViewModel.swift */,
				96F7408B4AEB357DBECEF8F8 /* KitoSampleApp.swift */,
				B02A67230D7C238E5DDF68DC /* Demos */,
				89DA62CF8604B44F72D722F4 /* Kits */,
			);
			path = Sources;
			sourceTree = "<group>";
		};
		89DA62CF8604B44F72D722F4 /* Kits */ = {
			isa = PBXGroup;
			children = (
				592B4D7E4FB10A39328AC31A /* GalleryComponents.swift */,
				5388DF5376BAB0425237F49F /* GlobalSearch.swift */,
				569EE5759D3941C0B37197DF /* KitGallery.swift */,
				6CBB1B55AC5846DCEB433679 /* Buttons */,
				72782E68CAB1295AC1B5A778 /* Charts */,
				83DB04DC7D23EADC7DDF6F27 /* Charts3D */,
				637D740DBD8CF20F7B509D83 /* Fields */,
				34C286FB9E1D34EDDFFDFCBE /* Island */,
				0A67506AE2B7AF154452B373 /* Media */,
				3799AADC676A2AE61DD60C93 /* Onboarding */,
				AD35D32057EF70690CC5E120 /* Validation */,
				AE57000BEF926D9A0703FF63 /* Wallet */,
			);
			path = Kits;
			sourceTree = "<group>";
		};
		967D2751C6F6FBCAC8D6293D /* Sources */ = {
			isa = PBXGroup;
			children = (
				A3649BAB40063B9130CB6E9E /* OrderTrackingWidgetBundle.swift */,
			);
			path = Sources;
			sourceTree = "<group>";
		};
		AD35D32057EF70690CC5E120 /* Validation */ = {
			isa = PBXGroup;
			children = (
				BBC15B61865B754A7FB726FB /* ValidationFieldSamples.swift */,
				08B068BBF8F065DB3E871FA3 /* ValidationRuleSamples.swift */,
			);
			path = Validation;
			sourceTree = "<group>";
		};
		AE57000BEF926D9A0703FF63 /* Wallet */ = {
			isa = PBXGroup;
			children = (
				DBD8DB5336D873D6C1C6832B /* WalletSamples.swift */,
				BAD7192D6EA4D2A71AC78F5E /* WalletScreens.swift */,
			);
			path = Wallet;
			sourceTree = "<group>";
		};
		B02A67230D7C238E5DDF68DC /* Demos */ = {
			isa = PBXGroup;
			children = (
				70F1219DD1751051A3E0F178 /* BiometricsDemo.swift */,
				E14E3753958497564C54EED0 /* CartDemo.swift */,
				FDCF0AFD7C0EA81085CE1E7A /* ConnectivityDemo.swift */,
				921BCA09903AD94480DF4312 /* ControlCenterDemo.swift */,
				9B716EDF6C7A0BA454F2BDA9 /* EmptyStatesDemo.swift */,
				088C6FDC38EA4C14E1E26860 /* FormattingDemo.swift */,
				D53F8C5FBD90B51375F8A277 /* HapticsDemo.swift */,
				368362865F20ADF3669F09E0 /* ImageLoaderDemo.swift */,
				36FD5070DD2F88DE75FE6F42 /* KeychainDemo.swift */,
				C6C8EE878AB2A0B53E1B574B /* LoadersDemo.swift */,
				2404FA26020EBE13DB7027A9 /* ModalsDemo.swift */,
				A25A0BE4A1B14887E967ED85 /* NavigationDemo.swift */,
				0037CBA45E4432235BF00EF6 /* OrderTrackingDemo.swift */,
				67D5EB1CB42E5BC1743A396D /* PermissionsDemo.swift */,
				AF5770CBE3635475023C1A28 /* SettingsDemo.swift */,
				7DA0EA422E395A2050E9B369 /* ToastsDemo.swift */,
			);
			path = Demos;
			sourceTree = "<group>";
		};
		C19929B1AB36DA7E00C4EE2B /* WidgetExtension */ = {
			isa = PBXGroup;
			children = (
				967D2751C6F6FBCAC8D6293D /* Sources */,
			);
			path = WidgetExtension;
			sourceTree = "<group>";
		};
		C7B0084160F03BA557D1C7B7 /* Packages */ = {
			isa = PBXGroup;
			children = (
				D075836D0B5E896A055E4260 /* KitoBiometrics */,
				8165B2C284A818D240F97FC9 /* KitoCart */,
				D7D4FBBDF60CEA099474845F /* KitoCharts */,
				159F2AB4DA3077DA7EF2010F /* KitoConnectivity */,
				C39AC08B6A6776FF3EA2B6E0 /* KitoCore */,
				74831BC61F938344E282B5B4 /* KitoEmptyStates */,
				590DB161794038C887195CB0 /* KitoFormatting */,
				817E98EC4CF8D1308E25617B /* KitoHaptics */,
				DCB7CC51FEEDBDB41592F88E /* KitoImageLoader */,
				D853F507CC8B34320CE7950E /* KitoIslandBar */,
				4D3A9B0E5FC952E25CAF09A2 /* KitoKeychain */,
				4F8BC81F52EA9CE5F0B26104 /* KitoLoaders */,
				D1B5BB88FC6024D5FFFD86E5 /* KitoMediaPicker */,
				A53FB297159A3C5BDF6F5B92 /* KitoModals */,
				691BB699AF85B349DDBE7238 /* KitoNavigation */,
				6FB4E9B1A3AEA9E845B67C02 /* KitoOnboarding */,
				75EE79A96C66B98E4956A501 /* KitoOrderTracking */,
				0ADC1EDD89FCF6D61EAEB810 /* KitoPermissions */,
				736CF316E13C41E5246FA96F /* KitoToasts */,
				AA40E3ADAA6EF3284FFD3401 /* KitoValidation */,
				7982B0BD0690C05C2DBC7666 /* KitoWalletCards */,
			);
			name = Packages;
			sourceTree = "<group>";
		};
/* End PBXGroup section */

/* Begin PBXNativeTarget section */
		4972B561751D98293E608ABA /* KitoSample */ = {
			isa = PBXNativeTarget;
			buildConfigurationList = 72DDFCF1FCF7259F3951D29D /* Build configuration list for PBXNativeTarget "KitoSample" */;
			buildPhases = (
				C130AD84DE0AA60714208C00 /* Sources */,
				2210265498E7F66BA57F846A /* Frameworks */,
				01A1235A41003A3574280651 /* Embed Foundation Extensions */,
			);
			buildRules = (
			);
			dependencies = (
				39CA4AD410AA752CE82753C4 /* PBXTargetDependency */,
			);
			name = KitoSample;
			packageProductDependencies = (
				1DF2D1062E48C2B142D85599 /* KitoCore */,
				4FADAC890F9BB84F283800F5 /* KitoButtons */,
				DF6BC35D7F7099FAE2EFD636 /* KitoFields */,
				AC578F13C4D6031B95394166 /* KitoScreens */,
				B32C8C6FCFEEDDC6D90761D0 /* KitoCharts */,
				CA244E2CBB7678240B35EB05 /* KitoLoaders */,
				F3254603992DFDCA975C81AF /* KitoToasts */,
				35A3AF68ECD5438D5A7D1EE4 /* KitoModals */,
				8D1FD6E263072E981EB0C124 /* KitoEmptyStates */,
				AA7149395B31B575CA058594 /* KitoHaptics */,
				1B7FFF789DC791F610B2703C /* KitoValidation */,
				F9B384A8AD275C63F9CB2235 /* KitoNavigation */,
				A3AA60AA0ACCC591DFD6888E /* KitoPermissions */,
				61A702673D0A7FA281333173 /* KitoBiometrics */,
				91301461F3BEB9E2755E4A3C /* KitoMediaPicker */,
				0DE6AFA184BF5599C3106B35 /* KitoWalletCards */,
				C226E69F5FAADDC2D7C95CAF /* KitoOnboarding */,
				378714DA44266EDE9BAA76A8 /* KitoCart */,
				3473984A86FABBE5AF6C266F /* KitoOrderTracking */,
				6C747074769820899D6152A5 /* KitoFormatting */,
				0E7D7C9AB476ED9ECCEBF341 /* KitoConnectivity */,
				02018EC2D776BB23C87043BE /* KitoKeychain */,
				7E8359FA38E5919F48CBA427 /* KitoImageLoader */,
				7FD5D13482A5A7BE4ED8D37D /* KitoIslandBar */,
			);
			productName = KitoSample;
			productReference = 9929D9B074DCB44DBA2649C7 /* KitoSample.app */;
			productType = "com.apple.product-type.application";
		};
		93A899B8AD693FAE62BA5F40 /* OrderTrackingWidgetExtension */ = {
			isa = PBXNativeTarget;
			buildConfigurationList = 35E1AD5A1F750B5D47C0CD8E /* Build configuration list for PBXNativeTarget "OrderTrackingWidgetExtension" */;
			buildPhases = (
				F25201DB27A8DF9BBF0A9A16 /* Sources */,
				E09361B135042E2D0DDEC34A /* Frameworks */,
			);
			buildRules = (
			);
			dependencies = (
			);
			name = OrderTrackingWidgetExtension;
			packageProductDependencies = (
				5EDE1B3D9B05A9D1A40A5FF0 /* KitoOrderTracking */,
				02EBA554E48E02F7BEBCF876 /* KitoCore */,
			);
			productName = OrderTrackingWidgetExtension;
			productReference = CAEED95284A7F775C6010552 /* OrderTrackingWidgetExtension.appex */;
			productType = "com.apple.product-type.app-extension";
		};
/* End PBXNativeTarget section */

/* Begin PBXProject section */
		5316860362C26278B10BA49A /* Project object */ = {
			isa = PBXProject;
			attributes = {
				BuildIndependentTargetsInParallel = YES;
				LastUpgradeCheck = 1430;
				TargetAttributes = {
					4972B561751D98293E608ABA = {
						ProvisioningStyle = Automatic;
					};
					93A899B8AD693FAE62BA5F40 = {
						ProvisioningStyle = Automatic;
					};
				};
			};
			buildConfigurationList = 677DA1F09F4CB475099D3438 /* Build configuration list for PBXProject "KitoSample" */;
			developmentRegion = en;
			hasScannedForEncodings = 0;
			knownRegions = (
				Base,
				en,
			);
			mainGroup = 4CC9A2EF3F42998A93B8040B;
			minimizedProjectReferenceProxies = 1;
			packageReferences = (
				FF17732464DAABB7145F2627 /* XCRemoteSwiftPackageReference "KitoButtons" */,
				2AA41115053FAA02F98B4240 /* XCRemoteSwiftPackageReference "KitoFields" */,
				429284846CCEF61C3DA4DCAC /* XCRemoteSwiftPackageReference "KitoScreens" */,
				85FF25AF02010709A1E3B9B9 /* XCLocalSwiftPackageReference "../../KitoBiometrics" */,
				F7859FB560B3420F1A94C714 /* XCLocalSwiftPackageReference "../../KitoCart" */,
				88D39367E51AD828E09D8B3C /* XCLocalSwiftPackageReference "../../KitoCharts" */,
				1C0855122357A1F443F13BDE /* XCLocalSwiftPackageReference "../../KitoConnectivity" */,
				8904C1D92954FB3E43A7A457 /* XCLocalSwiftPackageReference "../../KitoCore" */,
				3F39FBBCA789D12BE9E2FB90 /* XCLocalSwiftPackageReference "../../KitoEmptyStates" */,
				DE3EE8633B1DFF43DB1BCBBF /* XCLocalSwiftPackageReference "../../KitoFormatting" */,
				84AE6B96A92DDEA97D3B4B72 /* XCLocalSwiftPackageReference "../../KitoHaptics" */,
				25491FACDD236ADB275DADFD /* XCLocalSwiftPackageReference "../../KitoImageLoader" */,
				2C402AAA6407F1945B5AA68B /* XCLocalSwiftPackageReference "../../KitoIslandBar" */,
				F58ED48CA25619AFC73794A4 /* XCLocalSwiftPackageReference "../../KitoKeychain" */,
				0633C3A2AAD427F0EB0DB1AD /* XCLocalSwiftPackageReference "../../KitoLoaders" */,
				F72FF83FEB60BC5618C0BCE2 /* XCLocalSwiftPackageReference "../../KitoMediaPicker" */,
				4412E6C7211B8955F6720ABC /* XCLocalSwiftPackageReference "../../KitoModals" */,
				350A2A93AF886887F26A29B4 /* XCLocalSwiftPackageReference "../../KitoNavigation" */,
				08CBDAC24ED0B422968405D1 /* XCLocalSwiftPackageReference "../../KitoOnboarding" */,
				F451120E9651FB1EDA49623B /* XCLocalSwiftPackageReference "../../KitoOrderTracking" */,
				CEE8393E008B4D452F80A797 /* XCLocalSwiftPackageReference "../../KitoPermissions" */,
				9BBA67B371C7057CC6CA14DD /* XCLocalSwiftPackageReference "../../KitoToasts" */,
				26ADDBE79203F5A3BD83E4E7 /* XCLocalSwiftPackageReference "../../KitoValidation" */,
				9553987C9615BA993E951C57 /* XCLocalSwiftPackageReference "../../KitoWalletCards" */,
			);
			preferredProjectObjectVersion = 77;
			productRefGroup = 2FFD9ABFFA006B0DEFABAEE5 /* Products */;
			projectDirPath = "";
			projectRoot = "";
			targets = (
				4972B561751D98293E608ABA /* KitoSample */,
				93A899B8AD693FAE62BA5F40 /* OrderTrackingWidgetExtension */,
			);
		};
/* End PBXProject section */

/* Begin PBXSourcesBuildPhase section */
		C130AD84DE0AA60714208C00 /* Sources */ = {
			isa = PBXSourcesBuildPhase;
			buildActionMask = 2147483647;
			files = (
				72FEEB1715EE7CE7854D5279 /* BarPieChartSamples.swift in Sources */,
				9D8698832ADEEB396B594169 /* BiometricsDemo.swift in Sources */,
				1867B92150AC04D23C9CAE4E /* ButtonsGallery.swift in Sources */,
				A6D0E6DFB47803ECF89D6116 /* CartDemo.swift in Sources */,
				A546EE342B2532834153D1BA /* Chart3DGallery.swift in Sources */,
				BF8C5D6A4E8EC30CDF9F912D /* Chart3DInteractiveSamples.swift in Sources */,
				7BB49494F53AB3A489DB3512 /* Chart3DSample.swift in Sources */,
				AF6A3F69F6B1530175B06845 /* Chart3DSampleCatalog.swift in Sources */,
				F8279F02C02071D873A359D8 /* ChartsData.swift in Sources */,
				035009C20966E37EC153D1DB /* ConnectivityDemo.swift in Sources */,
				95599468A98CAE537B5CA05F /* ContentView.swift in Sources */,
				85F5876E0D842990B67891B5 /* ControlCenterDemo.swift in Sources */,
				193DE2DFE56AF3CDBECF77AF /* EmptyStatesDemo.swift in Sources */,
				EC56A575767FC6548E2F9650 /* FieldFormDemos.swift in Sources */,
				FF0B8A8C96243D3572FA2B3C /* FieldSample.swift in Sources */,
				03017F7D11F42BD0E9A98C24 /* FieldSampleCatalog.swift in Sources */,
				F5E222D62773E57A45C19F85 /* FieldsGallery.swift in Sources */,
				5922BAD594985C3E1C0FDB76 /* FormattingDemo.swift in Sources */,
				74DB720436D05A5D5065EE7A /* GalleryComponents.swift in Sources */,
				FBC7E079CDB8AC24FDBEE39C /* GlobalSearch.swift in Sources */,
				1817931C96BD86A5D23E1206 /* HapticsDemo.swift in Sources */,
				EB29B4985597F972527C8B55 /* ImageLoaderDemo.swift in Sources */,
				1A3CC5A6AA8A766B8774AC67 /* IslandActivities.swift in Sources */,
				DA2BAA1C1391E2C65B5569B6 /* IslandSamples.swift in Sources */,
				D8261C7CEA94C24E71BF059C /* IslandStage.swift in Sources */,
				1F027744F500BCAE18FB99B6 /* KeychainDemo.swift in Sources */,
				02D3BE382E20144AC942EA5C /* KitGallery.swift in Sources */,
				C8AF7ADEF2426199C111FB8E /* KitoAppSettingsViewModel.swift in Sources */,
				852026E20741D51C40EA0B9D /* KitoSampleApp.swift in Sources */,
				420019260A67E5D9F2F125D7 /* LineChartSamples.swift in Sources */,
				0CD69B9618D08AF67D6DA673 /* LineChartShowcases.swift in Sources */,
				F36BE621753A3AE3235CFF13 /* LoadersDemo.swift in Sources */,
				9F9D840DE1E049117E7A4B96 /* MediaSamples.swift in Sources */,
				428AC85388E77EFE568F9DD3 /* ModalsDemo.swift in Sources */,
				03B076F1800BBF24A167460A /* NavigationDemo.swift in Sources */,
				F4880EBCF31FE91C2ECDDB59 /* OnboardingIllustrations.swift in Sources */,
				B1EC2600EE77CD3F7BDC747C /* OnboardingSampleHost.swift in Sources */,
				F7F1AAFBD8B2AA87DD38FEAF /* OnboardingSamples.swift in Sources */,
				A6BDF8FEBBBFB6A277197010 /* OrderTrackingDemo.swift in Sources */,
				419AB91C4AEF552D6800A53E /* PermissionsDemo.swift in Sources */,
				ED5014CC218F293E8B519AC8 /* Sample.swift in Sources */,
				C8EF037C7B0091CE3940975A /* SampleCatalog+Generated.swift in Sources */,
				897672D50B808C465032F312 /* SampleCatalog.swift in Sources */,
				864BFA79631B204E60A18881 /* SettingsDemo.swift in Sources */,
				C635F7C01C88BA890A7E4625 /* ToastsDemo.swift in Sources */,
				525311763267DC50BBE2126C /* ValidationFieldSamples.swift in Sources */,
				0FB76E55672C058A45C67A5C /* ValidationRuleSamples.swift in Sources */,
				DF5B3B3C8B5C03A7E049969B /* WalletSamples.swift in Sources */,
				4AF1A41D4839D7A64812B70E /* WalletScreens.swift in Sources */,
			);
			runOnlyForDeploymentPostprocessing = 0;
		};
		F25201DB27A8DF9BBF0A9A16 /* Sources */ = {
			isa = PBXSourcesBuildPhase;
			buildActionMask = 2147483647;
			files = (
				0ADB858B67F2428046D483DA /* OrderTrackingWidgetBundle.swift in Sources */,
			);
			runOnlyForDeploymentPostprocessing = 0;
		};
/* End PBXSourcesBuildPhase section */

/* Begin PBXTargetDependency section */
		39CA4AD410AA752CE82753C4 /* PBXTargetDependency */ = {
			isa = PBXTargetDependency;
			target = 93A899B8AD693FAE62BA5F40 /* OrderTrackingWidgetExtension */;
			targetProxy = AC257229C79418F843A23163 /* PBXContainerItemProxy */;
		};
/* End PBXTargetDependency section */

/* Begin XCBuildConfiguration section */
		17BB26A010F049A057883F00 /* Release */ = {
			isa = XCBuildConfiguration;
			buildSettings = {
				ALWAYS_SEARCH_USER_PATHS = NO;
				CLANG_ANALYZER_NONNULL = YES;
				CLANG_ANALYZER_NUMBER_OBJECT_CONVERSION = YES_AGGRESSIVE;
				CLANG_CXX_LANGUAGE_STANDARD = "gnu++14";
				CLANG_CXX_LIBRARY = "libc++";
				CLANG_ENABLE_MODULES = YES;
				CLANG_ENABLE_OBJC_ARC = YES;
				CLANG_ENABLE_OBJC_WEAK = YES;
				CLANG_WARN_BLOCK_CAPTURE_AUTORELEASING = YES;
				CLANG_WARN_BOOL_CONVERSION = YES;
				CLANG_WARN_COMMA = YES;
				CLANG_WARN_CONSTANT_CONVERSION = YES;
				CLANG_WARN_DEPRECATED_OBJC_IMPLEMENTATIONS = YES;
				CLANG_WARN_DIRECT_OBJC_ISA_USAGE = YES_ERROR;
				CLANG_WARN_DOCUMENTATION_COMMENTS = YES;
				CLANG_WARN_EMPTY_BODY = YES;
				CLANG_WARN_ENUM_CONVERSION = YES;
				CLANG_WARN_INFINITE_RECURSION = YES;
				CLANG_WARN_INT_CONVERSION = YES;
				CLANG_WARN_NON_LITERAL_NULL_CONVERSION = YES;
				CLANG_WARN_OBJC_IMPLICIT_RETAIN_SELF = YES;
				CLANG_WARN_OBJC_LITERAL_CONVERSION = YES;
				CLANG_WARN_OBJC_ROOT_CLASS = YES_ERROR;
				CLANG_WARN_QUOTED_INCLUDE_IN_FRAMEWORK_HEADER = YES;
				CLANG_WARN_RANGE_LOOP_ANALYSIS = YES;
				CLANG_WARN_STRICT_PROTOTYPES = YES;
				CLANG_WARN_SUSPICIOUS_MOVE = YES;
				CLANG_WARN_UNGUARDED_AVAILABILITY = YES_AGGRESSIVE;
				CLANG_WARN_UNREACHABLE_CODE = YES;
				CLANG_WARN__DUPLICATE_METHOD_MATCH = YES;
				COPY_PHASE_STRIP = NO;
				DEBUG_INFORMATION_FORMAT = "dwarf-with-dsym";
				ENABLE_NS_ASSERTIONS = NO;
				ENABLE_STRICT_OBJC_MSGSEND = YES;
				GCC_C_LANGUAGE_STANDARD = gnu11;
				GCC_NO_COMMON_BLOCKS = YES;
				GCC_WARN_64_TO_32_BIT_CONVERSION = YES;
				GCC_WARN_ABOUT_RETURN_TYPE = YES_ERROR;
				GCC_WARN_UNDECLARED_SELECTOR = YES;
				GCC_WARN_UNINITIALIZED_AUTOS = YES_AGGRESSIVE;
				GCC_WARN_UNUSED_FUNCTION = YES;
				GCC_WARN_UNUSED_VARIABLE = YES;
				IPHONEOS_DEPLOYMENT_TARGET = 17.0;
				MTL_ENABLE_DEBUG_INFO = NO;
				MTL_FAST_MATH = YES;
				PRODUCT_NAME = "$(TARGET_NAME)";
				SDKROOT = iphoneos;
				SWIFT_COMPILATION_MODE = wholemodule;
				SWIFT_OPTIMIZATION_LEVEL = "-O";
				SWIFT_VERSION = 5.0;
			};
			name = Release;
		};
		3636A22332D274979C0DD068 /* Debug */ = {
			isa = XCBuildConfiguration;
			buildSettings = {
				ALWAYS_SEARCH_USER_PATHS = NO;
				CLANG_ANALYZER_NONNULL = YES;
				CLANG_ANALYZER_NUMBER_OBJECT_CONVERSION = YES_AGGRESSIVE;
				CLANG_CXX_LANGUAGE_STANDARD = "gnu++14";
				CLANG_CXX_LIBRARY = "libc++";
				CLANG_ENABLE_MODULES = YES;
				CLANG_ENABLE_OBJC_ARC = YES;
				CLANG_ENABLE_OBJC_WEAK = YES;
				CLANG_WARN_BLOCK_CAPTURE_AUTORELEASING = YES;
				CLANG_WARN_BOOL_CONVERSION = YES;
				CLANG_WARN_COMMA = YES;
				CLANG_WARN_CONSTANT_CONVERSION = YES;
				CLANG_WARN_DEPRECATED_OBJC_IMPLEMENTATIONS = YES;
				CLANG_WARN_DIRECT_OBJC_ISA_USAGE = YES_ERROR;
				CLANG_WARN_DOCUMENTATION_COMMENTS = YES;
				CLANG_WARN_EMPTY_BODY = YES;
				CLANG_WARN_ENUM_CONVERSION = YES;
				CLANG_WARN_INFINITE_RECURSION = YES;
				CLANG_WARN_INT_CONVERSION = YES;
				CLANG_WARN_NON_LITERAL_NULL_CONVERSION = YES;
				CLANG_WARN_OBJC_IMPLICIT_RETAIN_SELF = YES;
				CLANG_WARN_OBJC_LITERAL_CONVERSION = YES;
				CLANG_WARN_OBJC_ROOT_CLASS = YES_ERROR;
				CLANG_WARN_QUOTED_INCLUDE_IN_FRAMEWORK_HEADER = YES;
				CLANG_WARN_RANGE_LOOP_ANALYSIS = YES;
				CLANG_WARN_STRICT_PROTOTYPES = YES;
				CLANG_WARN_SUSPICIOUS_MOVE = YES;
				CLANG_WARN_UNGUARDED_AVAILABILITY = YES_AGGRESSIVE;
				CLANG_WARN_UNREACHABLE_CODE = YES;
				CLANG_WARN__DUPLICATE_METHOD_MATCH = YES;
				COPY_PHASE_STRIP = NO;
				DEBUG_INFORMATION_FORMAT = dwarf;
				ENABLE_STRICT_OBJC_MSGSEND = YES;
				ENABLE_TESTABILITY = YES;
				GCC_C_LANGUAGE_STANDARD = gnu11;
				GCC_DYNAMIC_NO_PIC = NO;
				GCC_NO_COMMON_BLOCKS = YES;
				GCC_OPTIMIZATION_LEVEL = 0;
				GCC_PREPROCESSOR_DEFINITIONS = (
					"$(inherited)",
					"DEBUG=1",
				);
				GCC_WARN_64_TO_32_BIT_CONVERSION = YES;
				GCC_WARN_ABOUT_RETURN_TYPE = YES_ERROR;
				GCC_WARN_UNDECLARED_SELECTOR = YES;
				GCC_WARN_UNINITIALIZED_AUTOS = YES_AGGRESSIVE;
				GCC_WARN_UNUSED_FUNCTION = YES;
				GCC_WARN_UNUSED_VARIABLE = YES;
				IPHONEOS_DEPLOYMENT_TARGET = 17.0;
				MTL_ENABLE_DEBUG_INFO = INCLUDE_SOURCE;
				MTL_FAST_MATH = YES;
				ONLY_ACTIVE_ARCH = YES;
				PRODUCT_NAME = "$(TARGET_NAME)";
				SDKROOT = iphoneos;
				SWIFT_ACTIVE_COMPILATION_CONDITIONS = DEBUG;
				SWIFT_OPTIMIZATION_LEVEL = "-Onone";
				SWIFT_VERSION = 5.0;
			};
			name = Debug;
		};
		7BAF61F839D4932B9BC7E0D9 /* Debug */ = {
			isa = XCBuildConfiguration;
			buildSettings = {
				CODE_SIGN_STYLE = Automatic;
				INFOPLIST_FILE = WidgetExtension/Info.plist;
				IPHONEOS_DEPLOYMENT_TARGET = 17.0;
				LD_RUNPATH_SEARCH_PATHS = (
					"$(inherited)",
					"@executable_path/Frameworks",
					"@executable_path/../../Frameworks",
				);
				PRODUCT_BUNDLE_IDENTIFIER = com.wyksoftsinc.kitosample.OrderTrackingWidget;
				SDKROOT = iphoneos;
				SKIP_INSTALL = YES;
				SWIFT_VERSION = 5.0;
				TARGETED_DEVICE_FAMILY = 1;
			};
			name = Debug;
		};
		B53208E8A7372DC15244FA2C /* Release */ = {
			isa = XCBuildConfiguration;
			buildSettings = {
				ASSETCATALOG_COMPILER_APPICON_NAME = AppIcon;
				CODE_SIGN_IDENTITY = "iPhone Developer";
				CODE_SIGN_STYLE = Automatic;
				INFOPLIST_FILE = Info.plist;
				IPHONEOS_DEPLOYMENT_TARGET = 17.0;
				LD_RUNPATH_SEARCH_PATHS = (
					"$(inherited)",
					"@executable_path/Frameworks",
				);
				PRODUCT_BUNDLE_IDENTIFIER = com.wyksoftsinc.kitosample;
				SDKROOT = iphoneos;
				SWIFT_VERSION = 5.0;
				TARGETED_DEVICE_FAMILY = 1;
			};
			name = Release;
		};
		CFB41C0257F5F37996656DB0 /* Debug */ = {
			isa = XCBuildConfiguration;
			buildSettings = {
				ASSETCATALOG_COMPILER_APPICON_NAME = AppIcon;
				CODE_SIGN_IDENTITY = "iPhone Developer";
				CODE_SIGN_STYLE = Automatic;
				INFOPLIST_FILE = Info.plist;
				IPHONEOS_DEPLOYMENT_TARGET = 17.0;
				LD_RUNPATH_SEARCH_PATHS = (
					"$(inherited)",
					"@executable_path/Frameworks",
				);
				PRODUCT_BUNDLE_IDENTIFIER = com.wyksoftsinc.kitosample;
				SDKROOT = iphoneos;
				SWIFT_VERSION = 5.0;
				TARGETED_DEVICE_FAMILY = 1;
			};
			name = Debug;
		};
		DB317E44F7B5D0A3DFC0D19A /* Release */ = {
			isa = XCBuildConfiguration;
			buildSettings = {
				CODE_SIGN_STYLE = Automatic;
				INFOPLIST_FILE = WidgetExtension/Info.plist;
				IPHONEOS_DEPLOYMENT_TARGET = 17.0;
				LD_RUNPATH_SEARCH_PATHS = (
					"$(inherited)",
					"@executable_path/Frameworks",
					"@executable_path/../../Frameworks",
				);
				PRODUCT_BUNDLE_IDENTIFIER = com.wyksoftsinc.kitosample.OrderTrackingWidget;
				SDKROOT = iphoneos;
				SKIP_INSTALL = YES;
				SWIFT_VERSION = 5.0;
				TARGETED_DEVICE_FAMILY = 1;
			};
			name = Release;
		};
/* End XCBuildConfiguration section */

/* Begin XCConfigurationList section */
		35E1AD5A1F750B5D47C0CD8E /* Build configuration list for PBXNativeTarget "OrderTrackingWidgetExtension" */ = {
			isa = XCConfigurationList;
			buildConfigurations = (
				7BAF61F839D4932B9BC7E0D9 /* Debug */,
				DB317E44F7B5D0A3DFC0D19A /* Release */,
			);
			defaultConfigurationIsVisible = 0;
			defaultConfigurationName = Debug;
		};
		677DA1F09F4CB475099D3438 /* Build configuration list for PBXProject "KitoSample" */ = {
			isa = XCConfigurationList;
			buildConfigurations = (
				3636A22332D274979C0DD068 /* Debug */,
				17BB26A010F049A057883F00 /* Release */,
			);
			defaultConfigurationIsVisible = 0;
			defaultConfigurationName = Debug;
		};
		72DDFCF1FCF7259F3951D29D /* Build configuration list for PBXNativeTarget "KitoSample" */ = {
			isa = XCConfigurationList;
			buildConfigurations = (
				CFB41C0257F5F37996656DB0 /* Debug */,
				B53208E8A7372DC15244FA2C /* Release */,
			);
			defaultConfigurationIsVisible = 0;
			defaultConfigurationName = Debug;
		};
/* End XCConfigurationList section */

/* Begin XCLocalSwiftPackageReference section */
		0633C3A2AAD427F0EB0DB1AD /* XCLocalSwiftPackageReference "../../KitoLoaders" */ = {
			isa = XCLocalSwiftPackageReference;
			relativePath = ../../KitoLoaders;
		};
		08CBDAC24ED0B422968405D1 /* XCLocalSwiftPackageReference "../../KitoOnboarding" */ = {
			isa = XCLocalSwiftPackageReference;
			relativePath = ../../KitoOnboarding;
		};
		1C0855122357A1F443F13BDE /* XCLocalSwiftPackageReference "../../KitoConnectivity" */ = {
			isa = XCLocalSwiftPackageReference;
			relativePath = ../../KitoConnectivity;
		};
		25491FACDD236ADB275DADFD /* XCLocalSwiftPackageReference "../../KitoImageLoader" */ = {
			isa = XCLocalSwiftPackageReference;
			relativePath = ../../KitoImageLoader;
		};
		26ADDBE79203F5A3BD83E4E7 /* XCLocalSwiftPackageReference "../../KitoValidation" */ = {
			isa = XCLocalSwiftPackageReference;
			relativePath = ../../KitoValidation;
		};
		2C402AAA6407F1945B5AA68B /* XCLocalSwiftPackageReference "../../KitoIslandBar" */ = {
			isa = XCLocalSwiftPackageReference;
			relativePath = ../../KitoIslandBar;
		};
		350A2A93AF886887F26A29B4 /* XCLocalSwiftPackageReference "../../KitoNavigation" */ = {
			isa = XCLocalSwiftPackageReference;
			relativePath = ../../KitoNavigation;
		};
		3F39FBBCA789D12BE9E2FB90 /* XCLocalSwiftPackageReference "../../KitoEmptyStates" */ = {
			isa = XCLocalSwiftPackageReference;
			relativePath = ../../KitoEmptyStates;
		};
		4412E6C7211B8955F6720ABC /* XCLocalSwiftPackageReference "../../KitoModals" */ = {
			isa = XCLocalSwiftPackageReference;
			relativePath = ../../KitoModals;
		};
		84AE6B96A92DDEA97D3B4B72 /* XCLocalSwiftPackageReference "../../KitoHaptics" */ = {
			isa = XCLocalSwiftPackageReference;
			relativePath = ../../KitoHaptics;
		};
		85FF25AF02010709A1E3B9B9 /* XCLocalSwiftPackageReference "../../KitoBiometrics" */ = {
			isa = XCLocalSwiftPackageReference;
			relativePath = ../../KitoBiometrics;
		};
		88D39367E51AD828E09D8B3C /* XCLocalSwiftPackageReference "../../KitoCharts" */ = {
			isa = XCLocalSwiftPackageReference;
			relativePath = ../../KitoCharts;
		};
		8904C1D92954FB3E43A7A457 /* XCLocalSwiftPackageReference "../../KitoCore" */ = {
			isa = XCLocalSwiftPackageReference;
			relativePath = ../../KitoCore;
		};
		9553987C9615BA993E951C57 /* XCLocalSwiftPackageReference "../../KitoWalletCards" */ = {
			isa = XCLocalSwiftPackageReference;
			relativePath = ../../KitoWalletCards;
		};
		9BBA67B371C7057CC6CA14DD /* XCLocalSwiftPackageReference "../../KitoToasts" */ = {
			isa = XCLocalSwiftPackageReference;
			relativePath = ../../KitoToasts;
		};
		CEE8393E008B4D452F80A797 /* XCLocalSwiftPackageReference "../../KitoPermissions" */ = {
			isa = XCLocalSwiftPackageReference;
			relativePath = ../../KitoPermissions;
		};
		DE3EE8633B1DFF43DB1BCBBF /* XCLocalSwiftPackageReference "../../KitoFormatting" */ = {
			isa = XCLocalSwiftPackageReference;
			relativePath = ../../KitoFormatting;
		};
		F451120E9651FB1EDA49623B /* XCLocalSwiftPackageReference "../../KitoOrderTracking" */ = {
			isa = XCLocalSwiftPackageReference;
			relativePath = ../../KitoOrderTracking;
		};
		F58ED48CA25619AFC73794A4 /* XCLocalSwiftPackageReference "../../KitoKeychain" */ = {
			isa = XCLocalSwiftPackageReference;
			relativePath = ../../KitoKeychain;
		};
		F72FF83FEB60BC5618C0BCE2 /* XCLocalSwiftPackageReference "../../KitoMediaPicker" */ = {
			isa = XCLocalSwiftPackageReference;
			relativePath = ../../KitoMediaPicker;
		};
		F7859FB560B3420F1A94C714 /* XCLocalSwiftPackageReference "../../KitoCart" */ = {
			isa = XCLocalSwiftPackageReference;
			relativePath = ../../KitoCart;
		};
/* End XCLocalSwiftPackageReference section */

/* Begin XCRemoteSwiftPackageReference section */
		2AA41115053FAA02F98B4240 /* XCRemoteSwiftPackageReference "KitoFields" */ = {
			isa = XCRemoteSwiftPackageReference;
			repositoryURL = "https://github.com/wykeenjenga/KitoFields";
			requirement = {
				kind = upToNextMajorVersion;
				minimumVersion = 1.9.0;
			};
		};
		429284846CCEF61C3DA4DCAC /* XCRemoteSwiftPackageReference "KitoScreens" */ = {
			isa = XCRemoteSwiftPackageReference;
			repositoryURL = "https://github.com/wykeenjenga/KitoScreens";
			requirement = {
				kind = upToNextMajorVersion;
				minimumVersion = 0.3.0;
			};
		};
		FF17732464DAABB7145F2627 /* XCRemoteSwiftPackageReference "KitoButtons" */ = {
			isa = XCRemoteSwiftPackageReference;
			repositoryURL = "https://github.com/wykeenjenga/KitoButtons";
			requirement = {
				kind = upToNextMajorVersion;
				minimumVersion = 1.8.0;
			};
		};
/* End XCRemoteSwiftPackageReference section */

/* Begin XCSwiftPackageProductDependency section */
		02018EC2D776BB23C87043BE /* KitoKeychain */ = {
			isa = XCSwiftPackageProductDependency;
			productName = KitoKeychain;
		};
		02EBA554E48E02F7BEBCF876 /* KitoCore */ = {
			isa = XCSwiftPackageProductDependency;
			productName = KitoCore;
		};
		0DE6AFA184BF5599C3106B35 /* KitoWalletCards */ = {
			isa = XCSwiftPackageProductDependency;
			productName = KitoWalletCards;
		};
		0E7D7C9AB476ED9ECCEBF341 /* KitoConnectivity */ = {
			isa = XCSwiftPackageProductDependency;
			productName = KitoConnectivity;
		};
		1B7FFF789DC791F610B2703C /* KitoValidation */ = {
			isa = XCSwiftPackageProductDependency;
			productName = KitoValidation;
		};
		1DF2D1062E48C2B142D85599 /* KitoCore */ = {
			isa = XCSwiftPackageProductDependency;
			productName = KitoCore;
		};
		3473984A86FABBE5AF6C266F /* KitoOrderTracking */ = {
			isa = XCSwiftPackageProductDependency;
			productName = KitoOrderTracking;
		};
		35A3AF68ECD5438D5A7D1EE4 /* KitoModals */ = {
			isa = XCSwiftPackageProductDependency;
			productName = KitoModals;
		};
		378714DA44266EDE9BAA76A8 /* KitoCart */ = {
			isa = XCSwiftPackageProductDependency;
			productName = KitoCart;
		};
		4FADAC890F9BB84F283800F5 /* KitoButtons */ = {
			isa = XCSwiftPackageProductDependency;
			package = FF17732464DAABB7145F2627 /* XCRemoteSwiftPackageReference "KitoButtons" */;
			productName = KitoButtons;
		};
		5EDE1B3D9B05A9D1A40A5FF0 /* KitoOrderTracking */ = {
			isa = XCSwiftPackageProductDependency;
			productName = KitoOrderTracking;
		};
		61A702673D0A7FA281333173 /* KitoBiometrics */ = {
			isa = XCSwiftPackageProductDependency;
			productName = KitoBiometrics;
		};
		6C747074769820899D6152A5 /* KitoFormatting */ = {
			isa = XCSwiftPackageProductDependency;
			productName = KitoFormatting;
		};
		7E8359FA38E5919F48CBA427 /* KitoImageLoader */ = {
			isa = XCSwiftPackageProductDependency;
			productName = KitoImageLoader;
		};
		7FD5D13482A5A7BE4ED8D37D /* KitoIslandBar */ = {
			isa = XCSwiftPackageProductDependency;
			productName = KitoIslandBar;
		};
		8D1FD6E263072E981EB0C124 /* KitoEmptyStates */ = {
			isa = XCSwiftPackageProductDependency;
			productName = KitoEmptyStates;
		};
		91301461F3BEB9E2755E4A3C /* KitoMediaPicker */ = {
			isa = XCSwiftPackageProductDependency;
			productName = KitoMediaPicker;
		};
		A3AA60AA0ACCC591DFD6888E /* KitoPermissions */ = {
			isa = XCSwiftPackageProductDependency;
			productName = KitoPermissions;
		};
		AA7149395B31B575CA058594 /* KitoHaptics */ = {
			isa = XCSwiftPackageProductDependency;
			productName = KitoHaptics;
		};
		AC578F13C4D6031B95394166 /* KitoScreens */ = {
			isa = XCSwiftPackageProductDependency;
			package = 429284846CCEF61C3DA4DCAC /* XCRemoteSwiftPackageReference "KitoScreens" */;
			productName = KitoScreens;
		};
		B32C8C6FCFEEDDC6D90761D0 /* KitoCharts */ = {
			isa = XCSwiftPackageProductDependency;
			productName = KitoCharts;
		};
		C226E69F5FAADDC2D7C95CAF /* KitoOnboarding */ = {
			isa = XCSwiftPackageProductDependency;
			productName = KitoOnboarding;
		};
		CA244E2CBB7678240B35EB05 /* KitoLoaders */ = {
			isa = XCSwiftPackageProductDependency;
			productName = KitoLoaders;
		};
		DF6BC35D7F7099FAE2EFD636 /* KitoFields */ = {
			isa = XCSwiftPackageProductDependency;
			package = 2AA41115053FAA02F98B4240 /* XCRemoteSwiftPackageReference "KitoFields" */;
			productName = KitoFields;
		};
		F3254603992DFDCA975C81AF /* KitoToasts */ = {
			isa = XCSwiftPackageProductDependency;
			productName = KitoToasts;
		};
		F9B384A8AD275C63F9CB2235 /* KitoNavigation */ = {
			isa = XCSwiftPackageProductDependency;
			productName = KitoNavigation;
		};
/* End XCSwiftPackageProductDependency section */
	};
	rootObject = 5316860362C26278B10BA49A /* Project object */;
}
